[[package]]
name = "antlr4-python3-runtime"
version = "4.9.3"
description = "ANTLR 4.9.3 runtime for Python 3.7"
category = "main"
optional = false
python-versions = "*"

[[package]]
name = "appdirs"
version = "1.4.4"
description = "A small Python module for determining appropriate platform-specific dirs, e.g. a \"user data dir\"."
category = "dev"
optional = false
python-versions = "*"

[[package]]
name = "argparse"
version = "1.4.0"
description = "Python command-line parsing library"
category = "main"
optional = false
python-versions = "*"

[[package]]
name = "attrs"
version = "21.4.0"
description = "Classes Without Boilerplate"
category = "dev"
optional = false
python-versions = ">=2.7, !=3.0.*, !=3.1.*, !=3.2.*, !=3.3.*, !=3.4.*"

[package.extras]
dev = ["coverage[toml] (>=5.0.2)", "hypothesis", "pympler", "pytest (>=4.3.0)", "six", "mypy", "pytest-mypy-plugins", "zope.interface", "furo", "sphinx", "sphinx-notfound-page", "pre-commit", "cloudpickle"]
docs = ["furo", "sphinx", "zope.interface", "sphinx-notfound-page"]
tests = ["coverage[toml] (>=5.0.2)", "hypothesis", "pympler", "pytest (>=4.3.0)", "six", "mypy", "pytest-mypy-plugins", "zope.interface", "cloudpickle"]
tests_no_zope = ["coverage[toml] (>=5.0.2)", "hypothesis", "pympler", "pytest (>=4.3.0)", "six", "mypy", "pytest-mypy-plugins", "cloudpickle"]

[[package]]
name = "beautifulsoup4"
version = "4.11.1"
description = "Screen-scraping library"
category = "main"
optional = false
python-versions = ">=3.6.0"

[package.dependencies]
soupsieve = ">1.2"

[package.extras]
html5lib = ["html5lib"]
lxml = ["lxml"]

[[package]]
name = "cattrs"
version = "1.10.0"
description = "Composable complex class support for attrs and dataclasses."
category = "dev"
optional = false
python-versions = ">=3.7,<4.0"

[package.dependencies]
attrs = ">=20"
typing_extensions = {version = "*", markers = "python_version >= \"3.7\" and python_version < \"3.8\""}

[[package]]
name = "certifi"
version = "2019.11.28"
description = "Python package for providing Mozilla's CA Bundle."
category = "main"
optional = false
python-versions = "*"

[[package]]
name = "cfgraph"
version = "0.2.1"
description = "rdflib collections flattening graph"
category = "main"
optional = false
python-versions = "*"

[package.dependencies]
rdflib = ">=0.4.2"

[[package]]
name = "chardet"
version = "3.0.4"
description = "Universal encoding detector for Python 2 and 3"
category = "main"
optional = false
python-versions = "*"

[[package]]
name = "charset-normalizer"
version = "2.0.12"
description = "The Real First Universal Charset Detector. Open, modern and actively maintained alternative to Chardet."
category = "main"
optional = false
python-versions = ">=3.5.0"

[package.extras]
unicode_backport = ["unicodedata2"]

[[package]]
name = "click"
version = "7.0"
description = "Composable command line interface toolkit"
category = "main"
optional = false
python-versions = ">=2.7, !=3.0.*, !=3.1.*, !=3.2.*, !=3.3.*"

[[package]]
name = "colorama"
version = "0.4.4"
description = "Cross-platform colored terminal text."
category = "main"
optional = false
python-versions = ">=2.7, !=3.0.*, !=3.1.*, !=3.2.*, !=3.3.*, !=3.4.*"

[[package]]
name = "filelock"
version = "3.6.0"
description = "A platform independent file lock."
category = "main"
optional = false
python-versions = ">=3.7"

[package.extras]
docs = ["furo (>=2021.8.17b43)", "sphinx (>=4.1)", "sphinx-autodoc-typehints (>=1.12)"]
testing = ["covdefaults (>=1.2.0)", "coverage (>=4)", "pytest (>=4)", "pytest-cov", "pytest-timeout (>=1.4.2)"]

[[package]]
name = "flask"
version = "1.1.1"
description = "A simple framework for building complex web applications."
category = "main"
optional = false
python-versions = ">=2.7, !=3.0.*, !=3.1.*, !=3.2.*, !=3.3.*, !=3.4.*"

[package.dependencies]
click = ">=5.1"
itsdangerous = ">=0.24"
Jinja2 = ">=2.10.1"
Werkzeug = ">=0.15"

[package.extras]
dotenv = ["python-dotenv"]
docs = ["sphinx-issues", "sphinxcontrib-log-cabinet", "pallets-sphinx-themes", "sphinx"]
dev = ["sphinx-issues", "sphinxcontrib-log-cabinet", "pallets-sphinx-themes", "sphinx", "tox", "coverage", "pytest"]

[[package]]
name = "hbreader"
version = "0.9.1"
description = "Honey Badger reader - a generic file/url/string open and read tool"
category = "main"
optional = false
python-versions = ">=3.7"

[[package]]
name = "idna"
version = "2.8"
description = "Internationalized Domain Names in Applications (IDNA)"
category = "main"
optional = false
python-versions = ">=2.7, !=3.0.*, !=3.1.*, !=3.2.*, !=3.3.*"

[[package]]
name = "importlib-metadata"
version = "4.11.3"
description = "Read metadata from Python packages"
category = "main"
optional = false
python-versions = ">=3.7"

[package.dependencies]
typing-extensions = {version = ">=3.6.4", markers = "python_version < \"3.8\""}
zipp = ">=0.5"

[package.extras]
docs = ["sphinx", "jaraco.packaging (>=9)", "rst.linker (>=1.9)"]
perf = ["ipython"]
testing = ["pytest (>=6)", "pytest-checkdocs (>=2.4)", "pytest-flake8", "pytest-cov", "pytest-enabler (>=1.0.1)", "packaging", "pyfakefs", "flufl.flake8", "pytest-perf (>=0.9.2)", "pytest-black (>=0.3.7)", "pytest-mypy (>=0.9.1)", "importlib-resources (>=1.3)"]

[[package]]
name = "isodate"
version = "0.6.1"
description = "An ISO 8601 date/time/duration parser and formatter"
category = "main"
optional = false
python-versions = "*"

[package.dependencies]
six = "*"

[[package]]
name = "itsdangerous"
version = "1.1.0"
description = "Various helpers to pass data to untrusted environments and back."
category = "main"
optional = false
python-versions = ">=2.7, !=3.0.*, !=3.1.*, !=3.2.*, !=3.3.*"

[[package]]
name = "jinja2"
version = "2.11.3"
description = "A very fast and expressive template engine."
category = "main"
optional = false
python-versions = ">=2.7, !=3.0.*, !=3.1.*, !=3.2.*, !=3.3.*, !=3.4.*"

[package.dependencies]
MarkupSafe = ">=0.23"

[package.extras]
i18n = ["Babel (>=0.8)"]

[[package]]
name = "jsonasobj"
version = "2.0.1"
description = "JSON as python objects"
category = "main"
optional = false
python-versions = ">=3.6"

[package.dependencies]
hbreader = "*"

[[package]]
name = "lxml"
version = "4.9.1"
description = "Powerful and Pythonic XML processing library combining libxml2/libxslt with the ElementTree API."
category = "main"
optional = false
python-versions = ">=2.7, !=3.0.*, !=3.1.*, !=3.2.*, !=3.3.*, != 3.4.*"

[package.extras]
cssselect = ["cssselect (>=0.7)"]
html5 = ["html5lib"]
htmlsoup = ["beautifulsoup4"]
source = ["Cython (>=0.29.7)"]

[[package]]
name = "markdown"
version = "3.1.1"
description = "Python implementation of Markdown."
category = "main"
optional = false
python-versions = ">=2.7,!=3.0.*,!=3.1.*,!=3.2.*,!=3.3.*,!=3.4.*"

[package.extras]
testing = ["coverage", "pyyaml"]

[[package]]
name = "markupsafe"
version = "1.1.1"
description = "Safely add untrusted strings to HTML/XML markup."
category = "main"
optional = false
python-versions = ">=2.7,!=3.0.*,!=3.1.*,!=3.2.*,!=3.3.*"

[[package]]
name = "oc-idmanager"
version = "0.1.1"
description = "This library allows validating identifiers with DOI, ISBN, ISSN, ORCID, PMCID, and PMID schemes"
category = "main"
optional = false
python-versions = ">=3.7,<4.0"

[package.dependencies]
beautifulsoup4 = ">=4.11.1,<5.0.0"
lxml = ">=4.9.1,<5.0.0"
requests = ">=2.28.1,<3.0.0"

[[package]]
name = "oc-ocdm"
version = "7.0.0"
description = "Object mapping library for manipulating RDF graphs that are compliant with the OpenCitations datamodel."
category = "main"
optional = false
python-versions = ">=3.7.4,<4.0.0"

[package.dependencies]
PyShEx = ">=0.8.0,<0.9.0"
rdflib = ">=6.0.0,<7.0.0"
SPARQLWrapper = ">=1.8.5,<2.0.0"

[[package]]
name = "pebble"
version = "4.6.3"
description = "Threading and multiprocessing eye-candy."
category = "main"
optional = false
python-versions = "*"

[[package]]
name = "psutil"
version = "5.9.0"
description = "Cross-platform lib for process and system monitoring in Python."
category = "main"
optional = false
python-versions = ">=2.6, !=3.0.*, !=3.1.*, !=3.2.*, !=3.3.*"

[package.extras]
test = ["ipaddress", "mock", "unittest2", "enum34", "pywin32", "wmi"]

[[package]]
name = "pyjsg"
version = "0.11.10"
description = "Python JSON Schema Grammar interpreter"
category = "main"
optional = false
python-versions = "*"

[package.dependencies]
antlr4-python3-runtime = ">=4.9.3,<4.10.0"
jsonasobj = ">=1.2.1"

[[package]]
name = "pyparsing"
version = "3.0.8"
description = "pyparsing module - Classes and methods to define and execute parsing grammars"
category = "main"
optional = false
python-versions = ">=3.6.8"

[package.extras]
diagrams = ["railroad-diagrams", "jinja2"]

[[package]]
name = "pyshex"
version = "0.8.1"
description = "Python ShEx Implementation"
category = "main"
optional = false
python-versions = ">=3.6"

[package.dependencies]
cfgraph = ">=0.2.1"
chardet = "*"
pyshexc = "0.9.1"
rdflib-shim = "*"
requests = ">=2.22.0"
shexjsg = ">=0.8.2"
sparqlslurper = ">=0.5.1"
sparqlwrapper = ">=1.8.5"
urllib3 = "*"

[[package]]
name = "pyshexc"
version = "0.9.1"
description = "PyShExC - Python ShEx compiler"
category = "main"
optional = false
python-versions = ">=3.7"

[package.dependencies]
antlr4-python3-runtime = ">=4.9.3,<4.10.0"
chardet = "*"
jsonasobj = ">=1.2.1"
pyjsg = ">=0.11.10"
rdflib-shim = "*"
shexjsg = ">=0.8.1"

[[package]]
name = "python-dateutil"
version = "2.8.2"
description = "Extensions to the standard Python datetime module"
category = "main"
optional = false
python-versions = "!=3.0.*,!=3.1.*,!=3.2.*,>=2.7"

[package.dependencies]
six = ">=1.5"

[[package]]
name = "pyyaml"
version = "6.0"
description = "YAML parser and emitter for Python"
category = "main"
optional = false
python-versions = ">=3.6"

[[package]]
name = "ramose"
version = "1.0.6"
description = "Restful API Manager Over SPARQL Endpoints (RAMOSE) is an application that allows agile development and publication of documented RESTful APIs for querying SPARQL endpoints, according to a particular specification document."
category = "main"
optional = false
python-versions = ">=3.7,<4.0"

[package.dependencies]
certifi = "2019.11.28"
chardet = "3.0.4"
Click = "7.0"
Flask = "1.1.1"
idna = "2.8"
isodate = "0.6.1"
itsdangerous = "1.1.0"
Jinja2 = "2.11.3"
Markdown = "3.1.1"
MarkupSafe = "1.1.1"
python-dateutil = ">=2.8.2,<3.0.0"
rdflib = "6.1.1"
requests = ">=2.22.0,<3.0.0"
six = "1.13.0"
urllib3 = "1.26.5"
Werkzeug = "0.16.0"

[[package]]
name = "rdflib"
version = "6.1.1"
description = "RDFLib is a Python library for working with RDF, a simple yet powerful language for representing information."
category = "main"
optional = false
python-versions = ">=3.7"

[package.dependencies]
importlib-metadata = {version = "*", markers = "python_version < \"3.8.0\""}
isodate = "*"
pyparsing = "*"

[package.extras]
docs = ["sphinx (<5)", "sphinxcontrib-apidoc"]
html = ["html5lib"]
tests = ["berkeleydb", "html5lib", "networkx", "pytest", "pytest-cov", "pytest-subtests"]

[[package]]
name = "rdflib-jsonld"
version = "0.6.1"
description = "rdflib extension adding JSON-LD parser and serializer"
category = "main"
optional = false
python-versions = "*"

[package.dependencies]
rdflib = ">=5.0.0"

[[package]]
name = "rdflib-shim"
version = "1.0.3"
description = "Shim for rdflib 5 and 6 incompatibilities"
category = "main"
optional = false
python-versions = ">=3.7"

[package.dependencies]
rdflib = ">=5.0.0"
rdflib-jsonld = "0.6.1"

[[package]]
name = "requests"
version = "2.28.1"
description = "Python HTTP for Humans."
category = "main"
optional = false
python-versions = ">=3.7, <4"

[package.dependencies]
certifi = ">=2017.4.17"
charset-normalizer = ">=2,<3"
idna = ">=2.5,<4"
urllib3 = ">=1.21.1,<1.27"

[package.extras]
socks = ["PySocks (>=1.5.6,!=1.5.7)"]
use_chardet_on_py3 = ["chardet (>=3.0.2,<6)"]

[[package]]
name = "requests-cache"
version = "0.9.4"
description = "A transparent persistent cache for the requests library"
category = "dev"
optional = false
python-versions = ">=3.7,<4.0"

[package.dependencies]
appdirs = ">=1.4.4,<2.0.0"
attrs = ">=21.2,<22.0"
cattrs = ">=1.8,<2.0"
requests = ">=2.22,<3.0"
url-normalize = ">=1.4,<2.0"
urllib3 = ">=1.25.5,<2.0.0"

[package.extras]
dynamodb = ["boto3 (>=1.15,<2.0)", "botocore (>=1.18,<2.0)"]
all = ["boto3 (>=1.15,<2.0)", "botocore (>=1.18,<2.0)", "pymongo (>=3)", "redis (>=3)", "itsdangerous (>=2.0,<3.0)", "pyyaml (>=5.4)", "ujson (>=4.0)"]
mongodb = ["pymongo (>=3)"]
redis = ["redis (>=3)"]
bson = ["bson (>=0.5)"]
security = ["itsdangerous (>=2.0,<3.0)"]
yaml = ["pyyaml (>=5.4)"]
json = ["ujson (>=4.0)"]
docs = ["furo (>=2021.9.8)", "linkify-it-py (>=1.0.1,<2.0.0)", "myst-parser (>=0.15.1,<0.16.0)", "sphinx (==4.3.0)", "sphinx-autodoc-typehints (>=1.11,<2.0)", "sphinx-automodapi (>=0.13,<0.15)", "sphinx-copybutton (>=0.3,<0.5)", "sphinx-inline-tabs (>=2022.1.2b11)", "sphinx-notfound-page", "sphinx-panels (>=0.6,<0.7)", "sphinxcontrib-apidoc (>=0.3,<0.4)"]

[[package]]
name = "shexjsg"
version = "0.8.2"
description = "ShExJSG - Astract Syntax Tree for the ShEx 2.0 language"
category = "main"
optional = false
python-versions = "*"

[package.dependencies]
pyjsg = ">=0.11.10"

[[package]]
name = "six"
version = "1.13.0"
description = "Python 2 and 3 compatibility utilities"
category = "main"
optional = false
python-versions = ">=2.6, !=3.0.*, !=3.1.*"

[[package]]
name = "soupsieve"
version = "2.3.2.post1"
description = "A modern CSS selector implementation for Beautiful Soup."
category = "main"
optional = false
python-versions = ">=3.6"

[[package]]
name = "sparqlslurper"
version = "0.5.1"
description = "SPARQL Slurper for rdflib"
category = "main"
optional = false
python-versions = ">=3.7.4"

[package.dependencies]
rdflib = ">=5.0.0"
rdflib-shim = "*"
sparqlwrapper = ">=1.8.2"

[[package]]
name = "sparqlwrapper"
version = "1.8.5"
description = "SPARQL Endpoint interface to Python"
category = "main"
optional = false
python-versions = "*"

[package.dependencies]
rdflib = ">=4.0"

[package.extras]
keepalive = ["keepalive (>=0.5)"]

[[package]]
name = "time-agnostic-library"
version = "3.1.0"
description = "time-agnostic-library is a Python ≥3.7 library that allows performing time-travel queries on RDF datasets compliant with the OCDM v2.0.1 provenance specification."
category = "main"
optional = false
python-versions = ">=3.7,<4.0"

[package.dependencies]
python_dateutil = ">=2.8.2,<3.0.0"
rdflib = ">=6.1.1,<7.0.0"
SPARQLWrapper = ">=1.8.5,<2.0.0"
tqdm = ">=4.62.3,<5.0.0"

[[package]]
name = "tqdm"
version = "4.64.0"
description = "Fast, Extensible Progress Meter"
category = "main"
optional = false
python-versions = "!=3.0.*,!=3.1.*,!=3.2.*,!=3.3.*,>=2.7"

[package.dependencies]
colorama = {version = "*", markers = "platform_system == \"Windows\""}

[package.extras]
dev = ["py-make (>=0.1.0)", "twine", "wheel"]
notebook = ["ipywidgets (>=6)"]
slack = ["slack-sdk"]
telegram = ["requests"]

[[package]]
name = "typing-extensions"
version = "4.2.0"
description = "Backported and Experimental Type Hints for Python 3.7+"
category = "main"
optional = false
python-versions = ">=3.7"

[[package]]
name = "url-normalize"
version = "1.4.3"
description = "URL normalization for Python"
category = "dev"
optional = false
python-versions = ">=2.7, !=3.0.*, !=3.1.*, !=3.2.*, !=3.3.*, !=3.4.*, !=3.5.*"

[package.dependencies]
six = "*"

[[package]]
name = "urllib3"
version = "1.26.5"
description = "HTTP library with thread-safe connection pooling, file post, and more."
category = "main"
optional = false
python-versions = ">=2.7, !=3.0.*, !=3.1.*, !=3.2.*, !=3.3.*, !=3.4.*, <4"

[package.extras]
brotli = ["brotlipy (>=0.6.0)"]
secure = ["pyOpenSSL (>=0.14)", "cryptography (>=1.3.4)", "idna (>=2.0.0)", "certifi", "ipaddress"]
socks = ["PySocks (>=1.5.6,!=1.5.7,<2.0)"]

[[package]]
name = "werkzeug"
version = "0.16.0"
description = "The comprehensive WSGI web application library."
category = "main"
optional = false
python-versions = ">=2.7, !=3.0.*, !=3.1.*, !=3.2.*, !=3.3.*"

[package.extras]
dev = ["pytest", "coverage", "tox", "sphinx", "pallets-sphinx-themes", "sphinx-issues"]
termcolor = ["termcolor"]
watchdog = ["watchdog"]

[[package]]
name = "wget"
version = "3.2"
description = "pure python download utility"
category = "dev"
optional = false
python-versions = "*"

[[package]]
name = "zipp"
version = "3.8.0"
description = "Backport of pathlib-compatible object wrapper for zip files"
category = "main"
optional = false
python-versions = ">=3.7"

[package.extras]
docs = ["sphinx", "jaraco.packaging (>=9)", "rst.linker (>=1.9)"]
testing = ["pytest (>=6)", "pytest-checkdocs (>=2.4)", "pytest-flake8", "pytest-cov", "pytest-enabler (>=1.0.1)", "jaraco.itertools", "func-timeout", "pytest-black (>=0.3.7)", "pytest-mypy (>=0.9.1)"]

[metadata]
lock-version = "1.1"
python-versions = "^3.7"
content-hash = "2df4f7365504a1e8a25a119a569b9afc3a16918f8212218f526aa19e8fa61226"

[metadata.files]
antlr4-python3-runtime = []
appdirs = []
argparse = []
attrs = []
beautifulsoup4 = []
cattrs = []
certifi = []
cfgraph = []
chardet = []
charset-normalizer = [
    {file = "charset-normalizer-2.0.12.tar.gz", hash = "sha256:2857e29ff0d34db842cd7ca3230549d1a697f96ee6d3fb071cfa6c7393832597"},
    {file = "charset_normalizer-2.0.12-py3-none-any.whl", hash = "sha256:6881edbebdb17b39b4eaaa821b438bf6eddffb4468cf344f09f89def34a8b1df"},
]
click = []
colorama = [
    {file = "colorama-0.4.4-py2.py3-none-any.whl", hash = "sha256:9f47eda37229f68eee03b24b9748937c7dc3868f906e8ba69fbcbdd3bc5dc3e2"},
    {file = "colorama-0.4.4.tar.gz", hash = "sha256:5941b2b48a20143d2267e95b1c2a7603ce057ee39fd88e7329b0c292aa16869b"},
]
filelock = []
flask = []
hbreader = []
idna = []
importlib-metadata = [
    {file = "importlib_metadata-4.11.3-py3-none-any.whl", hash = "sha256:1208431ca90a8cca1a6b8af391bb53c1a2db74e5d1cef6ddced95d4b2062edc6"},
    {file = "importlib_metadata-4.11.3.tar.gz", hash = "sha256:ea4c597ebf37142f827b8f39299579e31685c31d3a438b59f469406afd0f2539"},
]
isodate = [
    {file = "isodate-0.6.1-py2.py3-none-any.whl", hash = "sha256:0751eece944162659049d35f4f549ed815792b38793f07cf73381c1c87cbed96"},
    {file = "isodate-0.6.1.tar.gz", hash = "sha256:48c5881de7e8b0a0d648cb024c8062dc84e7b840ed81e864c7614fd3c127bde9"},
]
itsdangerous = []
jinja2 = []
jsonasobj = []
lxml = []
markdown = []
markupsafe = []
oc-idmanager = []
oc-ocdm = []
pebble = []
psutil = [
    {file = "psutil-5.9.0-cp27-cp27m-manylinux2010_i686.whl", hash = "sha256:55ce319452e3d139e25d6c3f85a1acf12d1607ddedea5e35fb47a552c051161b"},
    {file = "psutil-5.9.0-cp27-cp27m-manylinux2010_x86_64.whl", hash = "sha256:7336292a13a80eb93c21f36bde4328aa748a04b68c13d01dfddd67fc13fd0618"},
    {file = "psutil-5.9.0-cp27-cp27mu-manylinux2010_i686.whl", hash = "sha256:cb8d10461c1ceee0c25a64f2dd54872b70b89c26419e147a05a10b753ad36ec2"},
    {file = "psutil-5.9.0-cp27-cp27mu-manylinux2010_x86_64.whl", hash = "sha256:7641300de73e4909e5d148e90cc3142fb890079e1525a840cf0dfd39195239fd"},
    {file = "psutil-5.9.0-cp27-none-win32.whl", hash = "sha256:ea42d747c5f71b5ccaa6897b216a7dadb9f52c72a0fe2b872ef7d3e1eacf3ba3"},
    {file = "psutil-5.9.0-cp27-none-win_amd64.whl", hash = "sha256:ef216cc9feb60634bda2f341a9559ac594e2eeaadd0ba187a4c2eb5b5d40b91c"},
    {file = "psutil-5.9.0-cp310-cp310-macosx_10_9_x86_64.whl", hash = "sha256:90a58b9fcae2dbfe4ba852b57bd4a1dded6b990a33d6428c7614b7d48eccb492"},
    {file = "psutil-5.9.0-cp310-cp310-manylinux_2_12_i686.manylinux2010_i686.manylinux_2_17_i686.manylinux2014_i686.whl", hash = "sha256:ff0d41f8b3e9ebb6b6110057e40019a432e96aae2008951121ba4e56040b84f3"},
    {file = "psutil-5.9.0-cp310-cp310-manylinux_2_12_x86_64.manylinux2010_x86_64.manylinux_2_17_x86_64.manylinux2014_x86_64.whl", hash = "sha256:742c34fff804f34f62659279ed5c5b723bb0195e9d7bd9907591de9f8f6558e2"},
    {file = "psutil-5.9.0-cp310-cp310-win32.whl", hash = "sha256:8293942e4ce0c5689821f65ce6522ce4786d02af57f13c0195b40e1edb1db61d"},
    {file = "psutil-5.9.0-cp310-cp310-win_amd64.whl", hash = "sha256:9b51917c1af3fa35a3f2dabd7ba96a2a4f19df3dec911da73875e1edaf22a40b"},
    {file = "psutil-5.9.0-cp36-cp36m-macosx_10_9_x86_64.whl", hash = "sha256:e9805fed4f2a81de98ae5fe38b75a74c6e6ad2df8a5c479594c7629a1fe35f56"},
    {file = "psutil-5.9.0-cp36-cp36m-manylinux_2_12_i686.manylinux2010_i686.manylinux_2_17_i686.manylinux2014_i686.whl", hash = "sha256:c51f1af02334e4b516ec221ee26b8fdf105032418ca5a5ab9737e8c87dafe203"},
    {file = "psutil-5.9.0-cp36-cp36m-manylinux_2_12_x86_64.manylinux2010_x86_64.manylinux_2_17_x86_64.manylinux2014_x86_64.whl", hash = "sha256:32acf55cb9a8cbfb29167cd005951df81b567099295291bcfd1027365b36591d"},
    {file = "psutil-5.9.0-cp36-cp36m-win32.whl", hash = "sha256:e5c783d0b1ad6ca8a5d3e7b680468c9c926b804be83a3a8e95141b05c39c9f64"},
    {file = "psutil-5.9.0-cp36-cp36m-win_amd64.whl", hash = "sha256:d62a2796e08dd024b8179bd441cb714e0f81226c352c802fca0fd3f89eeacd94"},
    {file = "psutil-5.9.0-cp37-cp37m-macosx_10_9_x86_64.whl", hash = "sha256:3d00a664e31921009a84367266b35ba0aac04a2a6cad09c550a89041034d19a0"},
    {file = "psutil-5.9.0-cp37-cp37m-manylinux_2_12_i686.manylinux2010_i686.manylinux_2_17_i686.manylinux2014_i686.whl", hash = "sha256:7779be4025c540d1d65a2de3f30caeacc49ae7a2152108adeaf42c7534a115ce"},
    {file = "psutil-5.9.0-cp37-cp37m-manylinux_2_12_x86_64.manylinux2010_x86_64.manylinux_2_17_x86_64.manylinux2014_x86_64.whl", hash = "sha256:072664401ae6e7c1bfb878c65d7282d4b4391f1bc9a56d5e03b5a490403271b5"},
    {file = "psutil-5.9.0-cp37-cp37m-win32.whl", hash = "sha256:df2c8bd48fb83a8408c8390b143c6a6fa10cb1a674ca664954de193fdcab36a9"},
    {file = "psutil-5.9.0-cp37-cp37m-win_amd64.whl", hash = "sha256:1d7b433519b9a38192dfda962dd8f44446668c009833e1429a52424624f408b4"},
    {file = "psutil-5.9.0-cp38-cp38-macosx_10_9_x86_64.whl", hash = "sha256:c3400cae15bdb449d518545cbd5b649117de54e3596ded84aacabfbb3297ead2"},
    {file = "psutil-5.9.0-cp38-cp38-manylinux_2_12_i686.manylinux2010_i686.manylinux_2_17_i686.manylinux2014_i686.whl", hash = "sha256:b2237f35c4bbae932ee98902a08050a27821f8f6dfa880a47195e5993af4702d"},
    {file = "psutil-5.9.0-cp38-cp38-manylinux_2_12_x86_64.manylinux2010_x86_64.manylinux_2_17_x86_64.manylinux2014_x86_64.whl", hash = "sha256:1070a9b287846a21a5d572d6dddd369517510b68710fca56b0e9e02fd24bed9a"},
    {file = "psutil-5.9.0-cp38-cp38-win32.whl", hash = "sha256:76cebf84aac1d6da5b63df11fe0d377b46b7b500d892284068bacccf12f20666"},
    {file = "psutil-5.9.0-cp38-cp38-win_amd64.whl", hash = "sha256:3151a58f0fbd8942ba94f7c31c7e6b310d2989f4da74fcbf28b934374e9bf841"},
    {file = "psutil-5.9.0-cp39-cp39-macosx_10_9_x86_64.whl", hash = "sha256:539e429da49c5d27d5a58e3563886057f8fc3868a5547b4f1876d9c0f007bccf"},
    {file = "psutil-5.9.0-cp39-cp39-manylinux_2_12_i686.manylinux2010_i686.manylinux_2_17_i686.manylinux2014_i686.whl", hash = "sha256:58c7d923dc209225600aec73aa2c4ae8ea33b1ab31bc11ef8a5933b027476f07"},
    {file = "psutil-5.9.0-cp39-cp39-manylinux_2_12_x86_64.manylinux2010_x86_64.manylinux_2_17_x86_64.manylinux2014_x86_64.whl", hash = "sha256:3611e87eea393f779a35b192b46a164b1d01167c9d323dda9b1e527ea69d697d"},
    {file = "psutil-5.9.0-cp39-cp39-win32.whl", hash = "sha256:4e2fb92e3aeae3ec3b7b66c528981fd327fb93fd906a77215200404444ec1845"},
    {file = "psutil-5.9.0-cp39-cp39-win_amd64.whl", hash = "sha256:7d190ee2eaef7831163f254dc58f6d2e2a22e27382b936aab51c835fc080c3d3"},
    {file = "psutil-5.9.0.tar.gz", hash = "sha256:869842dbd66bb80c3217158e629d6fceaecc3a3166d3d1faee515b05dd26ca25"},
]
pyjsg = []
pyparsing = []
pyshex = []
pyshexc = []
python-dateutil = [
    {file = "python-dateutil-2.8.2.tar.gz", hash = "sha256:0123cacc1627ae19ddf3c27a5de5bd67ee4586fbdd6440d9748f8abb483d3e86"},
    {file = "python_dateutil-2.8.2-py2.py3-none-any.whl", hash = "sha256:961d03dc3453ebbc59dbdea9e4e11c5651520a876d0f4db161e8674aae935da9"},
]
pyyaml = []
ramose = []
rdflib = [
    {file = "rdflib-6.1.1-py3-none-any.whl", hash = "sha256:fc81cef513cd552d471f2926141396b633207109d0154c8e77926222c70367fe"},
    {file = "rdflib-6.1.1.tar.gz", hash = "sha256:8dbfa0af2990b98471dacbc936d6494c997ede92fd8ed693fb84ee700ef6f754"},
]
rdflib-jsonld = []
rdflib-shim = []
requests = []
requests-cache = []
shexjsg = []
six = []
soupsieve = []
sparqlslurper = []
sparqlwrapper = [
    {file = "SPARQLWrapper-1.8.5-py2-none-any.whl", hash = "sha256:357ee8a27bc910ea13d77836dbddd0b914991495b8cc1bf70676578155e962a8"},
    {file = "SPARQLWrapper-1.8.5-py2.7.egg", hash = "sha256:17ec44b08b8ae2888c801066249f74fe328eec25d90203ce7eadaf82e64484c7"},
    {file = "SPARQLWrapper-1.8.5-py3-none-any.whl", hash = "sha256:c7f9c9d8ebb13428771bc3b6dee54197422507dcc3dea34e30d5dcfc53478dec"},
    {file = "SPARQLWrapper-1.8.5-py3.4.egg", hash = "sha256:8cf6c21126ed76edc85c5c232fd6f77b9f61f8ad1db90a7147cdde2104aff145"},
    {file = "SPARQLWrapper-1.8.5.tar.gz", hash = "sha256:d6a66b5b8cda141660e07aeb00472db077a98d22cb588c973209c7336850fb3c"},
]
time-agnostic-library = []
tqdm = []
typing-extensions = []
url-normalize = []
urllib3 = []
werkzeug = []
wget = [
    {file = "wget-3.2.zip", hash = "sha256:35e630eca2aa50ce998b9b1a127bb26b30dfee573702782aa982f875e3f16061"},
]
zipp = []
